
Microsoft Visual Studio Solution File, Format Version 12.00
# Visual Studio Version 17
VisualStudioVersion = 17.6.33723.286
MinimumVisualStudioVersion = 10.0.40219.1
Project("{9A19103F-16F7-4668-BE54-9A1E7A4F7556}") = "Package", "Package\Package.csproj", "{1D5379E7-7C1B-48F5-8704-A014A09902B5}"
EndProject
Project("{9A19103F-16F7-4668-BE54-9A1E7A4F7556}") = "Russian", "Localizations\Russian\Russian.csproj", "{01F34841-AA7C-4615-8903-98418B2B64FD}"
	ProjectSection(ProjectDependencies) = postProject
		{1D5379E7-7C1B-48F5-8704-A014A09902B5} = {1D5379E7-7C1B-48F5-8704-A014A09902B5}
	EndProjectSection
EndProject
Project("{9A19103F-16F7-4668-BE54-9A1E7A4F7556}") = "Demos", "Demos\Demos.csproj", "{3A4079EE-0CBA-4CD0-9E87-40ACAF9AB513}"
	ProjectSection(ProjectDependencies) = postProject
		{01F34841-AA7C-4615-8903-98418B2B64FD} = {01F34841-AA7C-4615-8903-98418B2B64FD}
		{1D5379E7-7C1B-48F5-8704-A014A09902B5} = {1D5379E7-7C1B-48F5-8704-A014A09902B5}
		{26159A1B-C44F-4B76-B1E6-F5F406F63597} = {26159A1B-C44F-4B76-B1E6-F5F406F63597}
	EndProjectSection
EndProject
Project("{FAE04EC0-301F-11D3-BF4B-00C04F79EFBC}") = "Japanese", "Localizations\Japanese\Japanese.csproj", "{26159A1B-C44F-4B76-B1E6-F5F406F63597}"
EndProject
Global
	GlobalSection(SolutionConfigurationPlatforms) = preSolution
		Debug|Any CPU = Debug|Any CPU
		Release|Any CPU = Release|Any CPU
	EndGlobalSection
	GlobalSection(ProjectConfigurationPlatforms) = postSolution
		{1D5379E7-7C1B-48F5-8704-A014A09902B5}.Debug|Any CPU.ActiveCfg = Debug|Any CPU
		{1D5379E7-7C1B-48F5-8704-A014A09902B5}.Debug|Any CPU.Build.0 = Debug|Any CPU
		{1D5379E7-7C1B-48F5-8704-A014A09902B5}.Release|Any CPU.ActiveCfg = Release|Any CPU
		{1D5379E7-7C1B-48F5-8704-A014A09902B5}.Release|Any CPU.Build.0 = Release|Any CPU
		{01F34841-AA7C-4615-8903-98418B2B64FD}.Debug|Any CPU.ActiveCfg = Debug|Any CPU
		{01F34841-AA7C-4615-8903-98418B2B64FD}.Debug|Any CPU.Build.0 = Debug|Any CPU
		{01F34841-AA7C-4615-8903-98418B2B64FD}.Release|Any CPU.ActiveCfg = Release|Any CPU
		{01F34841-AA7C-4615-8903-98418B2B64FD}.Release|Any CPU.Build.0 = Release|Any CPU
		{3A4079EE-0CBA-4CD0-9E87-40ACAF9AB513}.Debug|Any CPU.ActiveCfg = Debug|Any CPU
		{3A4079EE-0CBA-4CD0-9E87-40ACAF9AB513}.Debug|Any CPU.Build.0 = Debug|Any CPU
		{3A4079EE-0CBA-4CD0-9E87-40ACAF9AB513}.Release|Any CPU.ActiveCfg = Release|Any CPU
		{3A4079EE-0CBA-4CD0-9E87-40ACAF9AB513}.Release|Any CPU.Build.0 = Release|Any CPU
		{26159A1B-C44F-4B76-B1E6-F5F406F63597}.Debug|Any CPU.ActiveCfg = Debug|Any CPU
		{26159A1B-C44F-4B76-B1E6-F5F406F63597}.Debug|Any CPU.Build.0 = Debug|Any CPU
		{26159A1B-C44F-4B76-B1E6-F5F406F63597}.Release|Any CPU.ActiveCfg = Release|Any CPU
		{26159A1B-C44F-4B76-B1E6-F5F406F63597}.Release|Any CPU.Build.0 = Release|Any CPU
	EndGlobalSection
	GlobalSection(SolutionProperties) = preSolution
		HideSolutionNode = FALSE
	EndGlobalSection
	GlobalSection(ExtensibilityGlobals) = postSolution
		SolutionGuid = {613A3426-0515-45B1-B51E-4AC91F6EF4CE}
	EndGlobalSection
EndGlobal
