{
  "name": "@yamato-daiwa/frontend-documenting-kit",
  "version": "0.0.0",
  "lockfileVersion": 2,
  "requires": true,
  "packages": {
    "": {
      "name": "@yamato-daiwa/frontend-documenting-kit",
      "version": "0.0.0",
      "license": "MIT",
      "dependencies": {
        "@yamato-daiwa/es-extensions": "1.4.0",
        "@yamato-daiwa/es-extensions-browserjs": "1.4.0",
        "clipboard": "2.0.11",
        "prismjs": "1.28.0"
      },
      "devDependencies": {
        "@types/prismjs": "1.26.0",
        "@yamato-daiwa/automation": "../../../YamatoDaiwaAutomation/MainPackage",
        "typescript": "4.5.2"
      }
    },
    "../../../YamatoDaiwaAutomation/MainPackage": {
      "version": "0.0.7",
      "dev": true,
      "dependencies": {
        "@typescript-eslint/eslint-plugin": "5.30.5",
        "@typescript-eslint/parser": "5.30.5",
        "@vue/compiler-sfc": "3.2.37",
        "@yamato-daiwa/es-extensions": "1.5.1",
        "@yamato-daiwa/es-extensions-nodejs": "1.5.0",
        "@yamato-daiwa/style_guides": "0.0.16",
        "access-sniff": "3.2.0",
        "autoprefixer": "10.4.7",
        "browser-sync": "2.27.10",
        "cheerio": "1.0.0-rc.1",
        "css-loader": "6.7.1",
        "cssnano": "5.1.10",
        "eslint": "8.19.0",
        "eslint-plugin-import": "2.26.0",
        "eslint-plugin-node": "11.1.0",
        "eslint-webpack-plugin": "3.1.1",
        "fork-ts-checker-webpack-plugin": "7.2.11",
        "glob": "7.2.0",
        "gulp": "4.0.2",
        "gulp-debug": "4.0.0",
        "gulp-html-prettify": "0.0.1",
        "gulp-if": "3.0.0",
        "gulp-imagemin": "7.1.0",
        "gulp-intercept": "0.1.0",
        "gulp-plumber": "1.2.1",
        "gulp-postcss": "9.0.1",
        "gulp-pug": "5.0.0",
        "gulp-sourcemaps": "3.0.0",
        "gulp-stylus": "2.7.1",
        "html-loader": "3.1.0",
        "html-validator": "6.0.1",
        "imagemin-pngquant": "9.0.2",
        "json5-loader": "4.0.1",
        "minimatch": "5.1.0",
        "node-notifier": "10.0.1",
        "pug-html-loader": "1.1.5",
        "pug-plain-loader": "1.1.0",
        "rev-hash": "4.0.0",
        "stlint": "1.0.65",
        "style-loader": "3.3.1",
        "stylus-loader": "6.2.0",
        "ts-loader": "9.3.0",
        "typescript-declaration-webpack-plugin": "0.2.2",
        "vinyl": "2.2.1",
        "vue": "3.2.37",
        "vue-loader": "17.0.0",
        "vue-style-loader": "4.1.3",
        "webpack": "5.73.0",
        "webpack-node-externals": "3.0.0",
        "worker-loader": "3.0.8",
        "yaml-loader": "0.8.0",
        "yamljs": "0.3.0"
      },
      "bin": {
        "yda": "Executable"
      },
      "devDependencies": {
        "@types/browser-sync": "2.26.3",
        "@types/cheerio": "0.22.31",
        "@types/cssnano": "5.0.0",
        "@types/glob": "7.2.0",
        "@types/gulp": "4.0.9",
        "@types/gulp-debug": "2.0.32",
        "@types/gulp-html-prettify": "0.0.2",
        "@types/gulp-if": "0.0.34",
        "@types/gulp-imagemin": "8.0.1",
        "@types/gulp-intercept": "0.1.1",
        "@types/gulp-plumber": "0.0.33",
        "@types/gulp-postcss": "8.0.2",
        "@types/gulp-sourcemaps": "0.0.35",
        "@types/gulp-stylus": "2.7.4",
        "@types/html-validator": "5.0.3",
        "@types/node": "16.11.25",
        "@types/node-notifier": "8.0.2",
        "@types/webpack-node-externals": "2.5.3",
        "@types/yamljs": "0.2.31",
        "ts-node": "10.8.1",
        "typescript": "4.7.4",
        "webpack-cli": "4.10.0"
      },
      "engines": {
        "node": ">=14.16"
      }
    },
    "node_modules/@types/prismjs": {
      "version": "1.26.0",
      "resolved": "https://registry.npmjs.org/@types/prismjs/-/prismjs-1.26.0.tgz",
      "integrity": "sha512-ZTaqn/qSqUuAq1YwvOFQfVW1AR/oQJlLSZVustdjwI+GZ8kr0MSHBj0tsXPW1EqHubx50gtBEjbPGsdZwQwCjQ==",
      "dev": true
    },
    "node_modules/@yamato-daiwa/automation": {
      "resolved": "../../../YamatoDaiwaAutomation/MainPackage",
      "link": true
    },
    "node_modules/@yamato-daiwa/es-extensions": {
      "version": "1.4.0",
      "resolved": "https://registry.npmjs.org/@yamato-daiwa/es-extensions/-/es-extensions-1.4.0.tgz",
      "integrity": "sha512-LE8iupa/ADfVxnRmgY0XMDMkgL6k+7MT/6pPGG92GR00SKUcbIu60uDVVww/gEZmDvCMnNzsrnXjlA/tK5u9+w==",
      "engines": {
        "node": ">=10.4.0"
      }
    },
    "node_modules/@yamato-daiwa/es-extensions-browserjs": {
      "version": "1.4.0",
      "resolved": "https://registry.npmjs.org/@yamato-daiwa/es-extensions-browserjs/-/es-extensions-browserjs-1.4.0.tgz",
      "integrity": "sha512-OpEkzeYp/Oo2FHP/y1lw8vEfJad40iNDm+PYkXWq+jovRia5TtEx1xI/I2TjLGE0bBGz2ct2EhSK/FFNpF+3wg==",
      "dependencies": {
        "@yamato-daiwa/es-extensions": "1.4.0"
      },
      "peerDependencies": {
        "@yamato-daiwa/es-extensions": ">=1.4.0 <1.5.0"
      }
    },
    "node_modules/clipboard": {
      "version": "2.0.11",
      "resolved": "https://registry.npmjs.org/clipboard/-/clipboard-2.0.11.tgz",
      "integrity": "sha512-C+0bbOqkezLIsmWSvlsXS0Q0bmkugu7jcfMIACB+RDEntIzQIkdr148we28AfSloQLRdZlYL/QYyrq05j/3Faw==",
      "dependencies": {
        "good-listener": "^1.2.2",
        "select": "^1.1.2",
        "tiny-emitter": "^2.0.0"
      }
    },
    "node_modules/delegate": {
      "version": "3.2.0",
      "resolved": "https://registry.npmjs.org/delegate/-/delegate-3.2.0.tgz",
      "integrity": "sha512-IofjkYBZaZivn0V8nnsMJGBr4jVLxHDheKSW88PyxS5QC4Vo9ZbZVvhzlSxY87fVq3STR6r+4cGepyHkcWOQSw=="
    },
    "node_modules/good-listener": {
      "version": "1.2.2",
      "resolved": "https://registry.npmjs.org/good-listener/-/good-listener-1.2.2.tgz",
      "integrity": "sha512-goW1b+d9q/HIwbVYZzZ6SsTr4IgE+WA44A0GmPIQstuOrgsFcT7VEJ48nmr9GaRtNu0XTKacFLGnBPAM6Afouw==",
      "dependencies": {
        "delegate": "^3.1.2"
      }
    },
    "node_modules/prismjs": {
      "version": "1.28.0",
      "resolved": "https://registry.npmjs.org/prismjs/-/prismjs-1.28.0.tgz",
      "integrity": "sha512-8aaXdYvl1F7iC7Xm1spqSaY/OJBpYW3v+KJ+F17iYxvdc8sfjW194COK5wVhMZX45tGteiBQgdvD/nhxcRwylw==",
      "engines": {
        "node": ">=6"
      }
    },
    "node_modules/select": {
      "version": "1.1.2",
      "resolved": "https://registry.npmjs.org/select/-/select-1.1.2.tgz",
      "integrity": "sha512-OwpTSOfy6xSs1+pwcNrv0RBMOzI39Lp3qQKUTPVVPRjCdNa5JH/oPRiqsesIskK8TVgmRiHwO4KXlV2Li9dANA=="
    },
    "node_modules/tiny-emitter": {
      "version": "2.1.0",
      "resolved": "https://registry.npmjs.org/tiny-emitter/-/tiny-emitter-2.1.0.tgz",
      "integrity": "sha512-NB6Dk1A9xgQPMoGqC5CVXn123gWyte215ONT5Pp5a0yt4nlEoO1ZWeCwpncaekPHXO60i47ihFnZPiRPjRMq4Q=="
    },
    "node_modules/typescript": {
      "version": "4.5.2",
      "resolved": "https://registry.npmjs.org/typescript/-/typescript-4.5.2.tgz",
      "integrity": "sha512-5BlMof9H1yGt0P8/WF+wPNw6GfctgGjXp5hkblpyT+8rkASSmkUKMXrxR0Xg8ThVCi/JnHQiKXeBaEwCeQwMFw==",
      "dev": true,
      "bin": {
        "tsc": "bin/tsc",
        "tsserver": "bin/tsserver"
      },
      "engines": {
        "node": ">=4.2.0"
      }
    }
  },
  "dependencies": {
    "@types/prismjs": {
      "version": "1.26.0",
      "resolved": "https://registry.npmjs.org/@types/prismjs/-/prismjs-1.26.0.tgz",
      "integrity": "sha512-ZTaqn/qSqUuAq1YwvOFQfVW1AR/oQJlLSZVustdjwI+GZ8kr0MSHBj0tsXPW1EqHubx50gtBEjbPGsdZwQwCjQ==",
      "dev": true
    },
    "@yamato-daiwa/automation": {
      "version": "file:../../../YamatoDaiwaAutomation/MainPackage",
      "requires": {
        "@types/browser-sync": "2.26.3",
        "@types/cheerio": "0.22.31",
        "@types/cssnano": "5.0.0",
        "@types/glob": "7.2.0",
        "@types/gulp": "4.0.9",
        "@types/gulp-debug": "2.0.32",
        "@types/gulp-html-prettify": "0.0.2",
        "@types/gulp-if": "0.0.34",
        "@types/gulp-imagemin": "8.0.1",
        "@types/gulp-intercept": "0.1.1",
        "@types/gulp-plumber": "0.0.33",
        "@types/gulp-postcss": "8.0.2",
        "@types/gulp-sourcemaps": "0.0.35",
        "@types/gulp-stylus": "2.7.4",
        "@types/html-validator": "5.0.3",
        "@types/node": "16.11.25",
        "@types/node-notifier": "8.0.2",
        "@types/webpack-node-externals": "2.5.3",
        "@types/yamljs": "0.2.31",
        "@typescript-eslint/eslint-plugin": "5.30.5",
        "@typescript-eslint/parser": "5.30.5",
        "@vue/compiler-sfc": "3.2.37",
        "@yamato-daiwa/es-extensions": "1.5.1",
        "@yamato-daiwa/es-extensions-nodejs": "1.5.0",
        "@yamato-daiwa/style_guides": "0.0.16",
        "access-sniff": "3.2.0",
        "autoprefixer": "10.4.7",
        "browser-sync": "2.27.10",
        "cheerio": "1.0.0-rc.1",
        "css-loader": "6.7.1",
        "cssnano": "5.1.10",
        "eslint": "8.19.0",
        "eslint-plugin-import": "2.26.0",
        "eslint-plugin-node": "11.1.0",
        "eslint-webpack-plugin": "3.1.1",
        "fork-ts-checker-webpack-plugin": "7.2.11",
        "glob": "7.2.0",
        "gulp": "4.0.2",
        "gulp-debug": "4.0.0",
        "gulp-html-prettify": "0.0.1",
        "gulp-if": "3.0.0",
        "gulp-imagemin": "7.1.0",
        "gulp-intercept": "0.1.0",
        "gulp-plumber": "1.2.1",
        "gulp-postcss": "9.0.1",
        "gulp-pug": "5.0.0",
        "gulp-sourcemaps": "3.0.0",
        "gulp-stylus": "2.7.1",
        "html-loader": "3.1.0",
        "html-validator": "6.0.1",
        "imagemin-pngquant": "9.0.2",
        "json5-loader": "4.0.1",
        "minimatch": "5.1.0",
        "node-notifier": "10.0.1",
        "pug-html-loader": "1.1.5",
        "pug-plain-loader": "1.1.0",
        "rev-hash": "4.0.0",
        "stlint": "1.0.65",
        "style-loader": "3.3.1",
        "stylus-loader": "6.2.0",
        "ts-loader": "9.3.0",
        "ts-node": "10.8.1",
        "typescript": "4.7.4",
        "typescript-declaration-webpack-plugin": "0.2.2",
        "vinyl": "2.2.1",
        "vue": "3.2.37",
        "vue-loader": "17.0.0",
        "vue-style-loader": "4.1.3",
        "webpack": "5.73.0",
        "webpack-cli": "4.10.0",
        "webpack-node-externals": "3.0.0",
        "worker-loader": "3.0.8",
        "yaml-loader": "0.8.0",
        "yamljs": "0.3.0"
      }
    },
    "@yamato-daiwa/es-extensions": {
      "version": "1.4.0",
      "resolved": "https://registry.npmjs.org/@yamato-daiwa/es-extensions/-/es-extensions-1.4.0.tgz",
      "integrity": "sha512-LE8iupa/ADfVxnRmgY0XMDMkgL6k+7MT/6pPGG92GR00SKUcbIu60uDVVww/gEZmDvCMnNzsrnXjlA/tK5u9+w=="
    },
    "@yamato-daiwa/es-extensions-browserjs": {
      "version": "1.4.0",
      "resolved": "https://registry.npmjs.org/@yamato-daiwa/es-extensions-browserjs/-/es-extensions-browserjs-1.4.0.tgz",
      "integrity": "sha512-OpEkzeYp/Oo2FHP/y1lw8vEfJad40iNDm+PYkXWq+jovRia5TtEx1xI/I2TjLGE0bBGz2ct2EhSK/FFNpF+3wg==",
      "requires": {
        "@yamato-daiwa/es-extensions": "1.4.0"
      }
    },
    "clipboard": {
      "version": "2.0.11",
      "resolved": "https://registry.npmjs.org/clipboard/-/clipboard-2.0.11.tgz",
      "integrity": "sha512-C+0bbOqkezLIsmWSvlsXS0Q0bmkugu7jcfMIACB+RDEntIzQIkdr148we28AfSloQLRdZlYL/QYyrq05j/3Faw==",
      "requires": {
        "good-listener": "^1.2.2",
        "select": "^1.1.2",
        "tiny-emitter": "^2.0.0"
      }
    },
    "delegate": {
      "version": "3.2.0",
      "resolved": "https://registry.npmjs.org/delegate/-/delegate-3.2.0.tgz",
      "integrity": "sha512-IofjkYBZaZivn0V8nnsMJGBr4jVLxHDheKSW88PyxS5QC4Vo9ZbZVvhzlSxY87fVq3STR6r+4cGepyHkcWOQSw=="
    },
    "good-listener": {
      "version": "1.2.2",
      "resolved": "https://registry.npmjs.org/good-listener/-/good-listener-1.2.2.tgz",
      "integrity": "sha512-goW1b+d9q/HIwbVYZzZ6SsTr4IgE+WA44A0GmPIQstuOrgsFcT7VEJ48nmr9GaRtNu0XTKacFLGnBPAM6Afouw==",
      "requires": {
        "delegate": "^3.1.2"
      }
    },
    "prismjs": {
      "version": "1.28.0",
      "resolved": "https://registry.npmjs.org/prismjs/-/prismjs-1.28.0.tgz",
      "integrity": "sha512-8aaXdYvl1F7iC7Xm1spqSaY/OJBpYW3v+KJ+F17iYxvdc8sfjW194COK5wVhMZX45tGteiBQgdvD/nhxcRwylw=="
    },
    "select": {
      "version": "1.1.2",
      "resolved": "https://registry.npmjs.org/select/-/select-1.1.2.tgz",
      "integrity": "sha512-OwpTSOfy6xSs1+pwcNrv0RBMOzI39Lp3qQKUTPVVPRjCdNa5JH/oPRiqsesIskK8TVgmRiHwO4KXlV2Li9dANA=="
    },
    "tiny-emitter": {
      "version": "2.1.0",
      "resolved": "https://registry.npmjs.org/tiny-emitter/-/tiny-emitter-2.1.0.tgz",
      "integrity": "sha512-NB6Dk1A9xgQPMoGqC5CVXn123gWyte215ONT5Pp5a0yt4nlEoO1ZWeCwpncaekPHXO60i47ihFnZPiRPjRMq4Q=="
    },
    "typescript": {
      "version": "4.5.2",
      "resolved": "https://registry.npmjs.org/typescript/-/typescript-4.5.2.tgz",
      "integrity": "sha512-5BlMof9H1yGt0P8/WF+wPNw6GfctgGjXp5hkblpyT+8rkASSmkUKMXrxR0Xg8ThVCi/JnHQiKXeBaEwCeQwMFw==",
      "dev": true
    }
  }
}
