{
	"name": "@yamato-daiwa/frontend-theme-cupretino",
	"version": "0.0.0",
	"lockfileVersion": 2,
	"requires": true,
	"packages": {
		"": {
			"name": "@yamato-daiwa/frontend-theme-cupretino",
			"version": "0.0.0",
			"dependencies": {
				"@yamato-daiwa/frontend": "2.0.0-alpha.2"
			}
		},
		"node_modules/@yamato-daiwa/es-extensions": {
			"version": "1.6.2",
			"resolved": "https://registry.npmjs.org/@yamato-daiwa/es-extensions/-/es-extensions-1.6.2.tgz",
			"integrity": "sha512-cBJlQWL6/TdvsNcW1bifbCfeVsvbjwkLR6SGJBrrdYj4lab/2rgWsa48vJg1F8Kr2sgX1ZCKsaQs10WNkWQGcw==",
			"engines": {
				"node": ">=12.0.0"
			}
		},
		"node_modules/@yamato-daiwa/es-extensions-browserjs": {
			"resolved": "YamatoDaiwaES_Extensions/BrowserJS/Package",
			"link": true
		},
		"node_modules/@yamato-daiwa/frontend": {
			"version": "2.0.0-alpha.2",
			"resolved": "https://registry.npmjs.org/@yamato-daiwa/frontend/-/frontend-2.0.0-alpha.2.tgz",
			"integrity": "sha512-LuheVkAlJeAg+z9oMlK1ATfxGxxzppRVx6wdhIk449KZ9CSVHb0Tfk1P5MwR9ttj7FalJjnLL+S/4i/uf2fzbw==",
			"dependencies": {
				"@yamato-daiwa/es-extensions": "1.6.2",
				"@yamato-daiwa/es-extensions-browserjs": "../../../YamatoDaiwaES_Extensions/BrowserJS/Package",
				"clipboard": "2.0.11",
				"prismjs": "1.29.0",
				"slide-element": "2.3.1"
			}
		},
		"node_modules/clipboard": {
			"version": "2.0.11",
			"resolved": "https://registry.npmjs.org/clipboard/-/clipboard-2.0.11.tgz",
			"integrity": "sha512-C+0bbOqkezLIsmWSvlsXS0Q0bmkugu7jcfMIACB+RDEntIzQIkdr148we28AfSloQLRdZlYL/QYyrq05j/3Faw==",
			"dependencies": {
				"good-listener": "^1.2.2",
				"select": "^1.1.2",
				"tiny-emitter": "^2.0.0"
			}
		},
		"node_modules/delegate": {
			"version": "3.2.0",
			"resolved": "https://registry.npmjs.org/delegate/-/delegate-3.2.0.tgz",
			"integrity": "sha512-IofjkYBZaZivn0V8nnsMJGBr4jVLxHDheKSW88PyxS5QC4Vo9ZbZVvhzlSxY87fVq3STR6r+4cGepyHkcWOQSw=="
		},
		"node_modules/good-listener": {
			"version": "1.2.2",
			"resolved": "https://registry.npmjs.org/good-listener/-/good-listener-1.2.2.tgz",
			"integrity": "sha512-goW1b+d9q/HIwbVYZzZ6SsTr4IgE+WA44A0GmPIQstuOrgsFcT7VEJ48nmr9GaRtNu0XTKacFLGnBPAM6Afouw==",
			"dependencies": {
				"delegate": "^3.1.2"
			}
		},
		"node_modules/prismjs": {
			"version": "1.29.0",
			"resolved": "https://registry.npmjs.org/prismjs/-/prismjs-1.29.0.tgz",
			"integrity": "sha512-Kx/1w86q/epKcmte75LNrEoT+lX8pBpavuAbvJWRXar7Hz8jrtF+e3vY751p0R8H9HdArwaCTNDDzHg/ScJK1Q==",
			"engines": {
				"node": ">=6"
			}
		},
		"node_modules/select": {
			"version": "1.1.2",
			"resolved": "https://registry.npmjs.org/select/-/select-1.1.2.tgz",
			"integrity": "sha512-OwpTSOfy6xSs1+pwcNrv0RBMOzI39Lp3qQKUTPVVPRjCdNa5JH/oPRiqsesIskK8TVgmRiHwO4KXlV2Li9dANA=="
		},
		"node_modules/slide-element": {
			"version": "2.3.1",
			"resolved": "https://registry.npmjs.org/slide-element/-/slide-element-2.3.1.tgz",
			"integrity": "sha512-DBDX3fGmrL4lED9PGHv1254sHiQp5KsdeOJ+ohAdU1qOaolAHxYT9Wa5TjW1cw4Oh05Rq2fYpeIp1tFdQBg2Ug=="
		},
		"node_modules/tiny-emitter": {
			"version": "2.1.0",
			"resolved": "https://registry.npmjs.org/tiny-emitter/-/tiny-emitter-2.1.0.tgz",
			"integrity": "sha512-NB6Dk1A9xgQPMoGqC5CVXn123gWyte215ONT5Pp5a0yt4nlEoO1ZWeCwpncaekPHXO60i47ihFnZPiRPjRMq4Q=="
		},
		"YamatoDaiwaES_Extensions/BrowserJS/Package": {}
	},
	"dependencies": {
		"@yamato-daiwa/es-extensions": {
			"version": "1.6.2",
			"resolved": "https://registry.npmjs.org/@yamato-daiwa/es-extensions/-/es-extensions-1.6.2.tgz",
			"integrity": "sha512-cBJlQWL6/TdvsNcW1bifbCfeVsvbjwkLR6SGJBrrdYj4lab/2rgWsa48vJg1F8Kr2sgX1ZCKsaQs10WNkWQGcw=="
		},
		"@yamato-daiwa/es-extensions-browserjs": {
			"version": "file:YamatoDaiwaES_Extensions/BrowserJS/Package"
		},
		"@yamato-daiwa/frontend": {
			"version": "2.0.0-alpha.2",
			"resolved": "https://registry.npmjs.org/@yamato-daiwa/frontend/-/frontend-2.0.0-alpha.2.tgz",
			"integrity": "sha512-LuheVkAlJeAg+z9oMlK1ATfxGxxzppRVx6wdhIk449KZ9CSVHb0Tfk1P5MwR9ttj7FalJjnLL+S/4i/uf2fzbw==",
			"requires": {
				"@yamato-daiwa/es-extensions": "1.6.2",
				"@yamato-daiwa/es-extensions-browserjs": "../../../YamatoDaiwaES_Extensions/BrowserJS/Package",
				"clipboard": "2.0.11",
				"prismjs": "1.29.0",
				"slide-element": "2.3.1"
			}
		},
		"clipboard": {
			"version": "2.0.11",
			"resolved": "https://registry.npmjs.org/clipboard/-/clipboard-2.0.11.tgz",
			"integrity": "sha512-C+0bbOqkezLIsmWSvlsXS0Q0bmkugu7jcfMIACB+RDEntIzQIkdr148we28AfSloQLRdZlYL/QYyrq05j/3Faw==",
			"requires": {
				"good-listener": "^1.2.2",
				"select": "^1.1.2",
				"tiny-emitter": "^2.0.0"
			}
		},
		"delegate": {
			"version": "3.2.0",
			"resolved": "https://registry.npmjs.org/delegate/-/delegate-3.2.0.tgz",
			"integrity": "sha512-IofjkYBZaZivn0V8nnsMJGBr4jVLxHDheKSW88PyxS5QC4Vo9ZbZVvhzlSxY87fVq3STR6r+4cGepyHkcWOQSw=="
		},
		"good-listener": {
			"version": "1.2.2",
			"resolved": "https://registry.npmjs.org/good-listener/-/good-listener-1.2.2.tgz",
			"integrity": "sha512-goW1b+d9q/HIwbVYZzZ6SsTr4IgE+WA44A0GmPIQstuOrgsFcT7VEJ48nmr9GaRtNu0XTKacFLGnBPAM6Afouw==",
			"requires": {
				"delegate": "^3.1.2"
			}
		},
		"prismjs": {
			"version": "1.29.0",
			"resolved": "https://registry.npmjs.org/prismjs/-/prismjs-1.29.0.tgz",
			"integrity": "sha512-Kx/1w86q/epKcmte75LNrEoT+lX8pBpavuAbvJWRXar7Hz8jrtF+e3vY751p0R8H9HdArwaCTNDDzHg/ScJK1Q=="
		},
		"select": {
			"version": "1.1.2",
			"resolved": "https://registry.npmjs.org/select/-/select-1.1.2.tgz",
			"integrity": "sha512-OwpTSOfy6xSs1+pwcNrv0RBMOzI39Lp3qQKUTPVVPRjCdNa5JH/oPRiqsesIskK8TVgmRiHwO4KXlV2Li9dANA=="
		},
		"slide-element": {
			"version": "2.3.1",
			"resolved": "https://registry.npmjs.org/slide-element/-/slide-element-2.3.1.tgz",
			"integrity": "sha512-DBDX3fGmrL4lED9PGHv1254sHiQp5KsdeOJ+ohAdU1qOaolAHxYT9Wa5TjW1cw4Oh05Rq2fYpeIp1tFdQBg2Ug=="
		},
		"tiny-emitter": {
			"version": "2.1.0",
			"resolved": "https://registry.npmjs.org/tiny-emitter/-/tiny-emitter-2.1.0.tgz",
			"integrity": "sha512-NB6Dk1A9xgQPMoGqC5CVXn123gWyte215ONT5Pp5a0yt4nlEoO1ZWeCwpncaekPHXO60i47ihFnZPiRPjRMq4Q=="
		}
	}
}
